
Microsoft Visual Studio Solution File, Format Version 12.00
# Visual Studio 2013
VisualStudioVersion = 12.0.21005.1
MinimumVisualStudioVersion = 10.0.40219.1
Project("{FAE04EC0-301F-11D3-BF4B-00C04F79EFBC}") = "05.PrintMyName", "05.PrintMyName\05.PrintMyName.csproj", "{EF18675A-B420-47EC-A5A9-4583449BEC83}"
EndProject
Project("{FAE04EC0-301F-11D3-BF4B-00C04F79EFBC}") = "04.HelloCSharp", "04.HelloCSharp\04.HelloCSharp.csproj", "{DA391388-0DE1-4B6D-B368-9D97D65D0D25}"
EndProject
Project("{FAE04EC0-301F-11D3-BF4B-00C04F79EFBC}") = "06.PrintNumber", "06.PrintNumber\06.PrintNumber.csproj", "{78695941-6F86-4F6B-A06F-7C679842743E}"
EndProject
Project("{FAE04EC0-301F-11D3-BF4B-00C04F79EFBC}") = "07.PrintMyFullName", "07.PrintMyFullName\07.PrintMyFullName.csproj", "{0E1CA7C0-9A1F-42CF-968C-F17F7B5E0079}"
EndProject
Project("{FAE04EC0-301F-11D3-BF4B-00C04F79EFBC}") = "08.SquareRoot", "08.SquareRoot\08.SquareRoot.csproj", "{6A3BCD41-9B84-4748-9056-72799130585E}"
EndProject
Project("{FAE04EC0-301F-11D3-BF4B-00C04F79EFBC}") = "09.PrintSequence", "09.PrintSequence\09.PrintSequence.csproj", "{FED0A8FE-718A-47B6-AFF5-C29D1DAF1584}"
EndProject
Project("{FAE04EC0-301F-11D3-BF4B-00C04F79EFBC}") = "10.ReformatCSharpCode", "10.ReformatCSharpCode\10.ReformatCSharpCode.csproj", "{C21AFD20-1036-4766-BFA2-BE781959385B}"
EndProject
Project("{FAE04EC0-301F-11D3-BF4B-00C04F79EFBC}") = "14.CurrentDateTime", "14.CurrentDateTime\14.CurrentDateTime.csproj", "{ACC9C953-A72B-443B-B20A-FAE60BC8A7DF}"
EndProject
Project("{FAE04EC0-301F-11D3-BF4B-00C04F79EFBC}") = "15.AgeAfter10Years", "15.AgeAfter10Years\15.AgeAfter10Years.csproj", "{96E04C2A-E02C-4F99-8EF6-899F70A9C2CF}"
EndProject
Project("{FAE04EC0-301F-11D3-BF4B-00C04F79EFBC}") = "16.PrintLongSequence", "16.PrintLongSequence\16.PrintLongSequence.csproj", "{60C79ED3-A39A-430D-A3E9-1507905CF011}"
EndProject
Global
	GlobalSection(SolutionConfigurationPlatforms) = preSolution
		Debug|Any CPU = Debug|Any CPU
		Release|Any CPU = Release|Any CPU
	EndGlobalSection
	GlobalSection(ProjectConfigurationPlatforms) = postSolution
		{EF18675A-B420-47EC-A5A9-4583449BEC83}.Debug|Any CPU.ActiveCfg = Debug|Any CPU
		{EF18675A-B420-47EC-A5A9-4583449BEC83}.Debug|Any CPU.Build.0 = Debug|Any CPU
		{EF18675A-B420-47EC-A5A9-4583449BEC83}.Release|Any CPU.ActiveCfg = Release|Any CPU
		{EF18675A-B420-47EC-A5A9-4583449BEC83}.Release|Any CPU.Build.0 = Release|Any CPU
		{DA391388-0DE1-4B6D-B368-9D97D65D0D25}.Debug|Any CPU.ActiveCfg = Debug|Any CPU
		{DA391388-0DE1-4B6D-B368-9D97D65D0D25}.Debug|Any CPU.Build.0 = Debug|Any CPU
		{DA391388-0DE1-4B6D-B368-9D97D65D0D25}.Release|Any CPU.ActiveCfg = Release|Any CPU
		{DA391388-0DE1-4B6D-B368-9D97D65D0D25}.Release|Any CPU.Build.0 = Release|Any CPU
		{78695941-6F86-4F6B-A06F-7C679842743E}.Debug|Any CPU.ActiveCfg = Debug|Any CPU
		{78695941-6F86-4F6B-A06F-7C679842743E}.Debug|Any CPU.Build.0 = Debug|Any CPU
		{78695941-6F86-4F6B-A06F-7C679842743E}.Release|Any CPU.ActiveCfg = Release|Any CPU
		{78695941-6F86-4F6B-A06F-7C679842743E}.Release|Any CPU.Build.0 = Release|Any CPU
		{0E1CA7C0-9A1F-42CF-968C-F17F7B5E0079}.Debug|Any CPU.ActiveCfg = Debug|Any CPU
		{0E1CA7C0-9A1F-42CF-968C-F17F7B5E0079}.Debug|Any CPU.Build.0 = Debug|Any CPU
		{0E1CA7C0-9A1F-42CF-968C-F17F7B5E0079}.Release|Any CPU.ActiveCfg = Release|Any CPU
		{0E1CA7C0-9A1F-42CF-968C-F17F7B5E0079}.Release|Any CPU.Build.0 = Release|Any CPU
		{6A3BCD41-9B84-4748-9056-72799130585E}.Debug|Any CPU.ActiveCfg = Debug|Any CPU
		{6A3BCD41-9B84-4748-9056-72799130585E}.Debug|Any CPU.Build.0 = Debug|Any CPU
		{6A3BCD41-9B84-4748-9056-72799130585E}.Release|Any CPU.ActiveCfg = Release|Any CPU
		{6A3BCD41-9B84-4748-9056-72799130585E}.Release|Any CPU.Build.0 = Release|Any CPU
		{FED0A8FE-718A-47B6-AFF5-C29D1DAF1584}.Debug|Any CPU.ActiveCfg = Debug|Any CPU
		{FED0A8FE-718A-47B6-AFF5-C29D1DAF1584}.Debug|Any CPU.Build.0 = Debug|Any CPU
		{FED0A8FE-718A-47B6-AFF5-C29D1DAF1584}.Release|Any CPU.ActiveCfg = Release|Any CPU
		{FED0A8FE-718A-47B6-AFF5-C29D1DAF1584}.Release|Any CPU.Build.0 = Release|Any CPU
		{C21AFD20-1036-4766-BFA2-BE781959385B}.Debug|Any CPU.ActiveCfg = Debug|Any CPU
		{C21AFD20-1036-4766-BFA2-BE781959385B}.Debug|Any CPU.Build.0 = Debug|Any CPU
		{C21AFD20-1036-4766-BFA2-BE781959385B}.Release|Any CPU.ActiveCfg = Release|Any CPU
		{C21AFD20-1036-4766-BFA2-BE781959385B}.Release|Any CPU.Build.0 = Release|Any CPU
		{ACC9C953-A72B-443B-B20A-FAE60BC8A7DF}.Debug|Any CPU.ActiveCfg = Debug|Any CPU
		{ACC9C953-A72B-443B-B20A-FAE60BC8A7DF}.Debug|Any CPU.Build.0 = Debug|Any CPU
		{ACC9C953-A72B-443B-B20A-FAE60BC8A7DF}.Release|Any CPU.ActiveCfg = Release|Any CPU
		{ACC9C953-A72B-443B-B20A-FAE60BC8A7DF}.Release|Any CPU.Build.0 = Release|Any CPU
		{96E04C2A-E02C-4F99-8EF6-899F70A9C2CF}.Debug|Any CPU.ActiveCfg = Debug|Any CPU
		{96E04C2A-E02C-4F99-8EF6-899F70A9C2CF}.Debug|Any CPU.Build.0 = Debug|Any CPU
		{96E04C2A-E02C-4F99-8EF6-899F70A9C2CF}.Release|Any CPU.ActiveCfg = Release|Any CPU
		{96E04C2A-E02C-4F99-8EF6-899F70A9C2CF}.Release|Any CPU.Build.0 = Release|Any CPU
		{60C79ED3-A39A-430D-A3E9-1507905CF011}.Debug|Any CPU.ActiveCfg = Debug|Any CPU
		{60C79ED3-A39A-430D-A3E9-1507905CF011}.Debug|Any CPU.Build.0 = Debug|Any CPU
		{60C79ED3-A39A-430D-A3E9-1507905CF011}.Release|Any CPU.ActiveCfg = Release|Any CPU
		{60C79ED3-A39A-430D-A3E9-1507905CF011}.Release|Any CPU.Build.0 = Release|Any CPU
	EndGlobalSection
	GlobalSection(SolutionProperties) = preSolution
		HideSolutionNode = FALSE
	EndGlobalSection
EndGlobal
